
Microsoft Visual Studio Solution File, Format Version 12.00
# Visual Studio Version 16
VisualStudioVersion = 25.0.1706.4
MinimumVisualStudioVersion = 10.0.40219.1
Project("{FAE04EC0-301F-11D3-BF4B-00C04F79EFBC}") = "c-sharp-crash", "c-sharp-crash.csproj", "{8850ACD7-4054-41A8-B4EB-04E367AE1ED6}"
EndProject
Global
	GlobalSection(SolutionConfigurationPlatforms) = preSolution
		Debug|Any CPU = Debug|Any CPU
		Release|Any CPU = Release|Any CPU
	EndGlobalSection
	GlobalSection(ProjectConfigurationPlatforms) = postSolution
		{8850ACD7-4054-41A8-B4EB-04E367AE1ED6}.Debug|Any CPU.ActiveCfg = Debug|Any CPU
		{8850ACD7-4054-41A8-B4EB-04E367AE1ED6}.Debug|Any CPU.Build.0 = Debug|Any CPU
		{8850ACD7-4054-41A8-B4EB-04E367AE1ED6}.Release|Any CPU.ActiveCfg = Release|Any CPU
		{8850ACD7-4054-41A8-B4EB-04E367AE1ED6}.Release|Any CPU.Build.0 = Release|Any CPU
	EndGlobalSection
	GlobalSection(SolutionProperties) = preSolution
		HideSolutionNode = FALSE
	EndGlobalSection
	GlobalSection(ExtensibilityGlobals) = postSolution
		SolutionGuid = {87683424-1210-41F5-845E-B9E65072017C}
	EndGlobalSection
EndGlobal
